
Microsoft Visual Studio Solution File, Format Version 12.00
# Visual Studio 15
VisualStudioVersion = 15.0.27428.1
MinimumVisualStudioVersion = 10.0.40219.1
Project("{FAE04EC0-301F-11D3-BF4B-00C04F79EFBC}") = "NEA", "NEA\NEA.csproj", "{90CD7929-5B26-4D7D-BCB0-C9B15C6DFC0F}"
EndProject
Global
	GlobalSection(SolutionConfigurationPlatforms) = preSolution
		Debug|Any CPU = Debug|Any CPU
		Release|Any CPU = Release|Any CPU
	EndGlobalSection
	GlobalSection(ProjectConfigurationPlatforms) = postSolution
		{90CD7929-5B26-4D7D-BCB0-C9B15C6DFC0F}.Debug|Any CPU.ActiveCfg = Debug|Any CPU
		{90CD7929-5B26-4D7D-BCB0-C9B15C6DFC0F}.Debug|Any CPU.Build.0 = Debug|Any CPU
		{90CD7929-5B26-4D7D-BCB0-C9B15C6DFC0F}.Release|Any CPU.ActiveCfg = Release|Any CPU
		{90CD7929-5B26-4D7D-BCB0-C9B15C6DFC0F}.Release|Any CPU.Build.0 = Release|Any CPU
	EndGlobalSection
	GlobalSection(SolutionProperties) = preSolution
		HideSolutionNode = FALSE
	EndGlobalSection
	GlobalSection(ExtensibilityGlobals) = postSolution
		SolutionGuid = {389CFDFF-0448-45FA-A710-93C9DCB4A977}
	EndGlobalSection
EndGlobal
